
Microsoft Visual Studio Solution File, Format Version 12.00
# Visual Studio Version 16
VisualStudioVersion = 16.0.30320.27
MinimumVisualStudioVersion = 10.0.40219.1
Project("{888888A0-9F3D-457C-B088-3A5042F75D52}") = "Application1", "Application1\Application1.pyproj", "{FBCED71A-8CBB-4A87-AB3B-4A6A4D2C70A8}"
EndProject
Global
	GlobalSection(SolutionConfigurationPlatforms) = preSolution
		Debug|Any CPU = Debug|Any CPU
		Release|Any CPU = Release|Any CPU
	EndGlobalSection
	GlobalSection(ProjectConfigurationPlatforms) = postSolution
		{FBCED71A-8CBB-4A87-AB3B-4A6A4D2C70A8}.Debug|Any CPU.ActiveCfg = Debug|Any CPU
		{FBCED71A-8CBB-4A87-AB3B-4A6A4D2C70A8}.Release|Any CPU.ActiveCfg = Release|Any CPU
	EndGlobalSection
	GlobalSection(SolutionProperties) = preSolution
		HideSolutionNode = FALSE
	EndGlobalSection
	GlobalSection(ExtensibilityGlobals) = postSolution
		SolutionGuid = {168C1FBE-AF56-4ED1-AFB8-0CAC1E5271A9}
	EndGlobalSection
EndGlobal
